
Microsoft Visual Studio Solution File, Format Version 12.00
# Visual Studio Version 16
VisualStudioVersion = 16.0.29306.81
MinimumVisualStudioVersion = 10.0.40219.1
Project("{FAE04EC0-301F-11D3-BF4B-00C04F79EFBC}") = "ConsoleApp4", "ConsoleApp4\ConsoleApp4.csproj", "{D55F72ED-E4B1-494A-86EF-6F05270A45C2}"
EndProject
Global
	GlobalSection(SolutionConfigurationPlatforms) = preSolution
		Debug|Any CPU = Debug|Any CPU
		Release|Any CPU = Release|Any CPU
	EndGlobalSection
	GlobalSection(ProjectConfigurationPlatforms) = postSolution
		{D55F72ED-E4B1-494A-86EF-6F05270A45C2}.Debug|Any CPU.ActiveCfg = Debug|Any CPU
		{D55F72ED-E4B1-494A-86EF-6F05270A45C2}.Debug|Any CPU.Build.0 = Debug|Any CPU
		{D55F72ED-E4B1-494A-86EF-6F05270A45C2}.Release|Any CPU.ActiveCfg = Release|Any CPU
		{D55F72ED-E4B1-494A-86EF-6F05270A45C2}.Release|Any CPU.Build.0 = Release|Any CPU
	EndGlobalSection
	GlobalSection(SolutionProperties) = preSolution
		HideSolutionNode = FALSE
	EndGlobalSection
	GlobalSection(ExtensibilityGlobals) = postSolution
		SolutionGuid = {F4AD2EAF-F4BE-46F9-B717-EEBC6C84436A}
	EndGlobalSection
EndGlobal
